
Microsoft Visual Studio Solution File, Format Version 12.00
# Visual Studio 14
VisualStudioVersion = 14.0.25420.1
MinimumVisualStudioVersion = 10.0.40219.1
Project("{FAE04EC0-301F-11D3-BF4B-00C04F79EFBC}") = "FriendOrganizer.UI", "FriendOrganizer.UI\FriendOrganizer.UI.csproj", "{E6D2589C-771A-4C11-8956-AC4062E6997C}"
EndProject
Project("{FAE04EC0-301F-11D3-BF4B-00C04F79EFBC}") = "FriendOrganizer.DataAccess", "FriendOrganizer.DataAccess\FriendOrganizer.DataAccess.csproj", "{E1D1071E-E353-4BA0-8D8C-84CA41D8A270}"
EndProject
Project("{FAE04EC0-301F-11D3-BF4B-00C04F79EFBC}") = "FriendOrganizer.Model", "FriendOrganizer.Model\FriendOrganizer.Model.csproj", "{61096050-B25B-4EFA-B9D1-7A28C59DAEC8}"
EndProject
Global
	GlobalSection(SolutionConfigurationPlatforms) = preSolution
		Debug|Any CPU = Debug|Any CPU
		Release|Any CPU = Release|Any CPU
	EndGlobalSection
	GlobalSection(ProjectConfigurationPlatforms) = postSolution
		{E6D2589C-771A-4C11-8956-AC4062E6997C}.Debug|Any CPU.ActiveCfg = Debug|Any CPU
		{E6D2589C-771A-4C11-8956-AC4062E6997C}.Debug|Any CPU.Build.0 = Debug|Any CPU
		{E6D2589C-771A-4C11-8956-AC4062E6997C}.Release|Any CPU.ActiveCfg = Release|Any CPU
		{E6D2589C-771A-4C11-8956-AC4062E6997C}.Release|Any CPU.Build.0 = Release|Any CPU
		{E1D1071E-E353-4BA0-8D8C-84CA41D8A270}.Debug|Any CPU.ActiveCfg = Debug|Any CPU
		{E1D1071E-E353-4BA0-8D8C-84CA41D8A270}.Debug|Any CPU.Build.0 = Debug|Any CPU
		{E1D1071E-E353-4BA0-8D8C-84CA41D8A270}.Release|Any CPU.ActiveCfg = Release|Any CPU
		{E1D1071E-E353-4BA0-8D8C-84CA41D8A270}.Release|Any CPU.Build.0 = Release|Any CPU
		{61096050-B25B-4EFA-B9D1-7A28C59DAEC8}.Debug|Any CPU.ActiveCfg = Debug|Any CPU
		{61096050-B25B-4EFA-B9D1-7A28C59DAEC8}.Debug|Any CPU.Build.0 = Debug|Any CPU
		{61096050-B25B-4EFA-B9D1-7A28C59DAEC8}.Release|Any CPU.ActiveCfg = Release|Any CPU
		{61096050-B25B-4EFA-B9D1-7A28C59DAEC8}.Release|Any CPU.Build.0 = Release|Any CPU
	EndGlobalSection
	GlobalSection(SolutionProperties) = preSolution
		HideSolutionNode = FALSE
	EndGlobalSection
EndGlobal
